
Microsoft Visual Studio Solution File, Format Version 12.00
# Visual Studio Version 16
VisualStudioVersion = 16.0.29709.97
MinimumVisualStudioVersion = 10.0.40219.1
Project("{FAE04EC0-301F-11D3-BF4B-00C04F79EFBC}") = "Matr", "Matr\Matr.csproj", "{86A6A5AC-D39D-4961-8EC0-6D18F6FA7291}"
EndProject
Global
	GlobalSection(SolutionConfigurationPlatforms) = preSolution
		Debug|Any CPU = Debug|Any CPU
		Release|Any CPU = Release|Any CPU
	EndGlobalSection
	GlobalSection(ProjectConfigurationPlatforms) = postSolution
		{86A6A5AC-D39D-4961-8EC0-6D18F6FA7291}.Debug|Any CPU.ActiveCfg = Debug|Any CPU
		{86A6A5AC-D39D-4961-8EC0-6D18F6FA7291}.Debug|Any CPU.Build.0 = Debug|Any CPU
		{86A6A5AC-D39D-4961-8EC0-6D18F6FA7291}.Release|Any CPU.ActiveCfg = Release|Any CPU
		{86A6A5AC-D39D-4961-8EC0-6D18F6FA7291}.Release|Any CPU.Build.0 = Release|Any CPU
	EndGlobalSection
	GlobalSection(SolutionProperties) = preSolution
		HideSolutionNode = FALSE
	EndGlobalSection
	GlobalSection(ExtensibilityGlobals) = postSolution
		SolutionGuid = {F126B1CA-E979-4DAA-979A-48D06FC0FF39}
	EndGlobalSection
EndGlobal
